
Microsoft Visual Studio Solution File, Format Version 12.00
# Visual Studio Version 16
VisualStudioVersion = 16.0.28309.60
MinimumVisualStudioVersion = 10.0.40219.1
Project("{9A19103F-16F7-4668-BE54-9A1E7A4F7556}") = "Microsoft.Diagnostics.Runtime", "src\Microsoft.Diagnostics.Runtime\Microsoft.Diagnostics.Runtime.csproj", "{A82126CA-23AA-41F1-8586-A5938D44D0A7}"
EndProject
Project("{9A19103F-16F7-4668-BE54-9A1E7A4F7556}") = "Microsoft.Diagnostics.Runtime.Tests", "src\Microsoft.Diagnostics.Runtime.Tests\Microsoft.Diagnostics.Runtime.Tests.csproj", "{C443A5AF-066E-4B08-B286-2BF1BD1443DC}"
EndProject
Project("{9A19103F-16F7-4668-BE54-9A1E7A4F7556}") = "Microsoft.Diagnostics.Runtime.UnitTests", "src\Microsoft.Diagnostics.Runtime.UnitTests\Microsoft.Diagnostics.Runtime.UnitTests.csproj", "{214A7EC8-4D32-4202-8D8B-1761743EE527}"
EndProject
Global
	GlobalSection(SolutionConfigurationPlatforms) = preSolution
		Debug|Any CPU = Debug|Any CPU
		Debug|Mixed Platforms = Debug|Mixed Platforms
		Debug|Win32 = Debug|Win32
		Debug|x64 = Debug|x64
		Debug|x86 = Debug|x86
		Release|Any CPU = Release|Any CPU
		Release|Mixed Platforms = Release|Mixed Platforms
		Release|Win32 = Release|Win32
		Release|x64 = Release|x64
		Release|x86 = Release|x86
	EndGlobalSection
	GlobalSection(ProjectConfigurationPlatforms) = postSolution
		{A82126CA-23AA-41F1-8586-A5938D44D0A7}.Debug|Any CPU.ActiveCfg = Debug|Any CPU
		{A82126CA-23AA-41F1-8586-A5938D44D0A7}.Debug|Any CPU.Build.0 = Debug|Any CPU
		{A82126CA-23AA-41F1-8586-A5938D44D0A7}.Debug|Mixed Platforms.ActiveCfg = Debug|Any CPU
		{A82126CA-23AA-41F1-8586-A5938D44D0A7}.Debug|Mixed Platforms.Build.0 = Debug|Any CPU
		{A82126CA-23AA-41F1-8586-A5938D44D0A7}.Debug|Win32.ActiveCfg = Debug|Any CPU
		{A82126CA-23AA-41F1-8586-A5938D44D0A7}.Debug|x64.ActiveCfg = Debug|Any CPU
		{A82126CA-23AA-41F1-8586-A5938D44D0A7}.Debug|x64.Build.0 = Debug|Any CPU
		{A82126CA-23AA-41F1-8586-A5938D44D0A7}.Debug|x86.ActiveCfg = Debug|Any CPU
		{A82126CA-23AA-41F1-8586-A5938D44D0A7}.Release|Any CPU.ActiveCfg = Release|Any CPU
		{A82126CA-23AA-41F1-8586-A5938D44D0A7}.Release|Any CPU.Build.0 = Release|Any CPU
		{A82126CA-23AA-41F1-8586-A5938D44D0A7}.Release|Mixed Platforms.ActiveCfg = Release|Any CPU
		{A82126CA-23AA-41F1-8586-A5938D44D0A7}.Release|Mixed Platforms.Build.0 = Release|Any CPU
		{A82126CA-23AA-41F1-8586-A5938D44D0A7}.Release|Win32.ActiveCfg = Release|Any CPU
		{A82126CA-23AA-41F1-8586-A5938D44D0A7}.Release|x64.ActiveCfg = Release|Any CPU
		{A82126CA-23AA-41F1-8586-A5938D44D0A7}.Release|x64.Build.0 = Release|Any CPU
		{A82126CA-23AA-41F1-8586-A5938D44D0A7}.Release|x86.ActiveCfg = Release|Any CPU
		{C443A5AF-066E-4B08-B286-2BF1BD1443DC}.Debug|Any CPU.ActiveCfg = Debug|Any CPU
		{C443A5AF-066E-4B08-B286-2BF1BD1443DC}.Debug|Any CPU.Build.0 = Debug|Any CPU
		{C443A5AF-066E-4B08-B286-2BF1BD1443DC}.Debug|Mixed Platforms.ActiveCfg = Debug|Any CPU
		{C443A5AF-066E-4B08-B286-2BF1BD1443DC}.Debug|Mixed Platforms.Build.0 = Debug|Any CPU
		{C443A5AF-066E-4B08-B286-2BF1BD1443DC}.Debug|Win32.ActiveCfg = Debug|Any CPU
		{C443A5AF-066E-4B08-B286-2BF1BD1443DC}.Debug|Win32.Build.0 = Debug|Any CPU
		{C443A5AF-066E-4B08-B286-2BF1BD1443DC}.Debug|x64.ActiveCfg = Debug|Any CPU
		{C443A5AF-066E-4B08-B286-2BF1BD1443DC}.Debug|x64.Build.0 = Debug|Any CPU
		{C443A5AF-066E-4B08-B286-2BF1BD1443DC}.Debug|x86.ActiveCfg = Debug|Any CPU
		{C443A5AF-066E-4B08-B286-2BF1BD1443DC}.Debug|x86.Build.0 = Debug|Any CPU
		{C443A5AF-066E-4B08-B286-2BF1BD1443DC}.Release|Any CPU.ActiveCfg = Release|Any CPU
		{C443A5AF-066E-4B08-B286-2BF1BD1443DC}.Release|Any CPU.Build.0 = Release|Any CPU
		{C443A5AF-066E-4B08-B286-2BF1BD1443DC}.Release|Mixed Platforms.ActiveCfg = Release|Any CPU
		{C443A5AF-066E-4B08-B286-2BF1BD1443DC}.Release|Mixed Platforms.Build.0 = Release|Any CPU
		{C443A5AF-066E-4B08-B286-2BF1BD1443DC}.Release|Win32.ActiveCfg = Release|Any CPU
		{C443A5AF-066E-4B08-B286-2BF1BD1443DC}.Release|Win32.Build.0 = Release|Any CPU
		{C443A5AF-066E-4B08-B286-2BF1BD1443DC}.Release|x64.ActiveCfg = Release|Any CPU
		{C443A5AF-066E-4B08-B286-2BF1BD1443DC}.Release|x64.Build.0 = Release|Any CPU
		{C443A5AF-066E-4B08-B286-2BF1BD1443DC}.Release|x86.ActiveCfg = Release|Any CPU
		{C443A5AF-066E-4B08-B286-2BF1BD1443DC}.Release|x86.Build.0 = Release|Any CPU
		{214A7EC8-4D32-4202-8D8B-1761743EE527}.Debug|Any CPU.ActiveCfg = Debug|Any CPU
		{214A7EC8-4D32-4202-8D8B-1761743EE527}.Debug|Any CPU.Build.0 = Debug|Any CPU
		{214A7EC8-4D32-4202-8D8B-1761743EE527}.Debug|Mixed Platforms.ActiveCfg = Debug|Any CPU
		{214A7EC8-4D32-4202-8D8B-1761743EE527}.Debug|Mixed Platforms.Build.0 = Debug|Any CPU
		{214A7EC8-4D32-4202-8D8B-1761743EE527}.Debug|Win32.ActiveCfg = Debug|Any CPU
		{214A7EC8-4D32-4202-8D8B-1761743EE527}.Debug|Win32.Build.0 = Debug|Any CPU
		{214A7EC8-4D32-4202-8D8B-1761743EE527}.Debug|x64.ActiveCfg = Debug|Any CPU
		{214A7EC8-4D32-4202-8D8B-1761743EE527}.Debug|x64.Build.0 = Debug|Any CPU
		{214A7EC8-4D32-4202-8D8B-1761743EE527}.Debug|x86.ActiveCfg = Debug|Any CPU
		{214A7EC8-4D32-4202-8D8B-1761743EE527}.Debug|x86.Build.0 = Debug|Any CPU
		{214A7EC8-4D32-4202-8D8B-1761743EE527}.Release|Any CPU.ActiveCfg = Release|Any CPU
		{214A7EC8-4D32-4202-8D8B-1761743EE527}.Release|Any CPU.Build.0 = Release|Any CPU
		{214A7EC8-4D32-4202-8D8B-1761743EE527}.Release|Mixed Platforms.ActiveCfg = Release|Any CPU
		{214A7EC8-4D32-4202-8D8B-1761743EE527}.Release|Mixed Platforms.Build.0 = Release|Any CPU
		{214A7EC8-4D32-4202-8D8B-1761743EE527}.Release|Win32.ActiveCfg = Release|Any CPU
		{214A7EC8-4D32-4202-8D8B-1761743EE527}.Release|Win32.Build.0 = Release|Any CPU
		{214A7EC8-4D32-4202-8D8B-1761743EE527}.Release|x64.ActiveCfg = Release|Any CPU
		{214A7EC8-4D32-4202-8D8B-1761743EE527}.Release|x64.Build.0 = Release|Any CPU
		{214A7EC8-4D32-4202-8D8B-1761743EE527}.Release|x86.ActiveCfg = Release|Any CPU
		{214A7EC8-4D32-4202-8D8B-1761743EE527}.Release|x86.Build.0 = Release|Any CPU
	EndGlobalSection
	GlobalSection(SolutionProperties) = preSolution
		HideSolutionNode = FALSE
	EndGlobalSection
	GlobalSection(ExtensibilityGlobals) = postSolution
		SolutionGuid = {7DB8722F-5AAF-4913-A5AF-4A77D75BC39C}
	EndGlobalSection
EndGlobal
