
Microsoft Visual Studio Solution File, Format Version 12.00
# Visual Studio Version 17
VisualStudioVersion = 17.3.32425.291
MinimumVisualStudioVersion = 10.0.40219.1
Project("{9A19103F-16F7-4668-BE54-9A1E7A4F7556}") = "Microsoft.Diagnostics.Runtime", "src\Microsoft.Diagnostics.Runtime\Microsoft.Diagnostics.Runtime.csproj", "{A82126CA-23AA-41F1-8586-A5938D44D0A7}"
EndProject
Project("{9A19103F-16F7-4668-BE54-9A1E7A4F7556}") = "Microsoft.Diagnostics.Runtime.Tests", "src\Microsoft.Diagnostics.Runtime.Tests\Microsoft.Diagnostics.Runtime.Tests.csproj", "{C443A5AF-066E-4B08-B286-2BF1BD1443DC}"
EndProject
Project("{2150E333-8FDC-42A3-9474-1A3956D46DE8}") = "Solution Items", "Solution Items", "{87031E7E-88BC-4646-B2C7-8810CAE33F86}"
	ProjectSection(SolutionItems) = preProject
		doc\FAQ.md = doc\FAQ.md
		doc\GettingStarted.md = doc\GettingStarted.md
		doc\Migrating21.md = doc\Migrating21.md
		doc\ReleaseNotes2.0.md = doc\ReleaseNotes2.0.md
		doc\ReleaseNotes3.0.md = doc\ReleaseNotes3.0.md
		doc\ReleaseNotes3.1.md = doc\ReleaseNotes3.1.md
	EndProjectSection
EndProject
Project("{9A19103F-16F7-4668-BE54-9A1E7A4F7556}") = "TestTasks", "src\TestTasks\TestTasks.csproj", "{94F92EB1-0C62-446B-82A6-0CEDA8EFACF6}"
EndProject
Project("{9A19103F-16F7-4668-BE54-9A1E7A4F7556}") = "Microsoft.Diagnostics.Runtime.Utilities", "src\Microsoft.Diagnostics.Runtime.Utilities\Microsoft.Diagnostics.Runtime.Utilities.csproj", "{370E02A2-AA02-44D7-9EDE-11003365AE91}"
EndProject
Global
	GlobalSection(SolutionConfigurationPlatforms) = preSolution
		Debug|Any CPU = Debug|Any CPU
		Release|Any CPU = Release|Any CPU
	EndGlobalSection
	GlobalSection(ProjectConfigurationPlatforms) = postSolution
		{A82126CA-23AA-41F1-8586-A5938D44D0A7}.Debug|Any CPU.ActiveCfg = Debug|Any CPU
		{A82126CA-23AA-41F1-8586-A5938D44D0A7}.Debug|Any CPU.Build.0 = Debug|Any CPU
		{A82126CA-23AA-41F1-8586-A5938D44D0A7}.Release|Any CPU.ActiveCfg = Release|Any CPU
		{A82126CA-23AA-41F1-8586-A5938D44D0A7}.Release|Any CPU.Build.0 = Release|Any CPU
		{C443A5AF-066E-4B08-B286-2BF1BD1443DC}.Debug|Any CPU.ActiveCfg = Debug|Any CPU
		{C443A5AF-066E-4B08-B286-2BF1BD1443DC}.Debug|Any CPU.Build.0 = Debug|Any CPU
		{C443A5AF-066E-4B08-B286-2BF1BD1443DC}.Release|Any CPU.ActiveCfg = Release|Any CPU
		{C443A5AF-066E-4B08-B286-2BF1BD1443DC}.Release|Any CPU.Build.0 = Release|Any CPU
		{94F92EB1-0C62-446B-82A6-0CEDA8EFACF6}.Debug|Any CPU.ActiveCfg = Debug|Any CPU
		{94F92EB1-0C62-446B-82A6-0CEDA8EFACF6}.Debug|Any CPU.Build.0 = Debug|Any CPU
		{94F92EB1-0C62-446B-82A6-0CEDA8EFACF6}.Release|Any CPU.ActiveCfg = Release|Any CPU
		{94F92EB1-0C62-446B-82A6-0CEDA8EFACF6}.Release|Any CPU.Build.0 = Release|Any CPU
		{370E02A2-AA02-44D7-9EDE-11003365AE91}.Debug|Any CPU.ActiveCfg = Debug|Any CPU
		{370E02A2-AA02-44D7-9EDE-11003365AE91}.Debug|Any CPU.Build.0 = Debug|Any CPU
		{370E02A2-AA02-44D7-9EDE-11003365AE91}.Release|Any CPU.ActiveCfg = Release|Any CPU
		{370E02A2-AA02-44D7-9EDE-11003365AE91}.Release|Any CPU.Build.0 = Release|Any CPU
	EndGlobalSection
	GlobalSection(SolutionProperties) = preSolution
		HideSolutionNode = FALSE
	EndGlobalSection
	GlobalSection(ExtensibilityGlobals) = postSolution
		SolutionGuid = {7DB8722F-5AAF-4913-A5AF-4A77D75BC39C}
	EndGlobalSection
EndGlobal
