
Microsoft Visual Studio Solution File, Format Version 12.00
# Visual Studio 15
VisualStudioVersion = 15.0.26228.9
MinimumVisualStudioVersion = 10.0.40219.1
Project("{9A19103F-16F7-4668-BE54-9A1E7A4F7556}") = "Microsoft.Diagnostics.Runtime", "src\Microsoft.Diagnostics.Runtime\Microsoft.Diagnostics.Runtime.csproj", "{A82126CA-23AA-41F1-8586-A5938D44D0A7}"
EndProject
Project("{9A19103F-16F7-4668-BE54-9A1E7A4F7556}") = "LinuxTest", "src\Samples\LinuxTest\LinuxTest.csproj", "{480E59E9-95EC-4251-B03D-C8D2159FD510}"
EndProject
Global
	GlobalSection(SolutionConfigurationPlatforms) = preSolution
		Debug|Any CPU = Debug|Any CPU
		Debug|Mixed Platforms = Debug|Mixed Platforms
		Debug|Win32 = Debug|Win32
		Debug|x64 = Debug|x64
		Debug|x86 = Debug|x86
		Release|Any CPU = Release|Any CPU
		Release|Mixed Platforms = Release|Mixed Platforms
		Release|Win32 = Release|Win32
		Release|x64 = Release|x64
		Release|x86 = Release|x86
	EndGlobalSection
	GlobalSection(ProjectConfigurationPlatforms) = postSolution
		{A82126CA-23AA-41F1-8586-A5938D44D0A7}.Debug|Any CPU.ActiveCfg = Debug|Any CPU
		{A82126CA-23AA-41F1-8586-A5938D44D0A7}.Debug|Any CPU.Build.0 = Debug|Any CPU
		{A82126CA-23AA-41F1-8586-A5938D44D0A7}.Debug|Mixed Platforms.ActiveCfg = Debug|Any CPU
		{A82126CA-23AA-41F1-8586-A5938D44D0A7}.Debug|Mixed Platforms.Build.0 = Debug|Any CPU
		{A82126CA-23AA-41F1-8586-A5938D44D0A7}.Debug|Win32.ActiveCfg = Debug|Any CPU
		{A82126CA-23AA-41F1-8586-A5938D44D0A7}.Debug|x64.ActiveCfg = Debug|Any CPU
		{A82126CA-23AA-41F1-8586-A5938D44D0A7}.Debug|x64.Build.0 = Debug|Any CPU
		{A82126CA-23AA-41F1-8586-A5938D44D0A7}.Debug|x86.ActiveCfg = Debug|Any CPU
		{A82126CA-23AA-41F1-8586-A5938D44D0A7}.Release|Any CPU.ActiveCfg = Release|Any CPU
		{A82126CA-23AA-41F1-8586-A5938D44D0A7}.Release|Any CPU.Build.0 = Release|Any CPU
		{A82126CA-23AA-41F1-8586-A5938D44D0A7}.Release|Mixed Platforms.ActiveCfg = Release|Any CPU
		{A82126CA-23AA-41F1-8586-A5938D44D0A7}.Release|Mixed Platforms.Build.0 = Release|Any CPU
		{A82126CA-23AA-41F1-8586-A5938D44D0A7}.Release|Win32.ActiveCfg = Release|Any CPU
		{A82126CA-23AA-41F1-8586-A5938D44D0A7}.Release|x64.ActiveCfg = Release|Any CPU
		{A82126CA-23AA-41F1-8586-A5938D44D0A7}.Release|x64.Build.0 = Release|Any CPU
		{A82126CA-23AA-41F1-8586-A5938D44D0A7}.Release|x86.ActiveCfg = Release|Any CPU
		{480E59E9-95EC-4251-B03D-C8D2159FD510}.Debug|Any CPU.ActiveCfg = Debug|Any CPU
		{480E59E9-95EC-4251-B03D-C8D2159FD510}.Debug|Any CPU.Build.0 = Debug|Any CPU
		{480E59E9-95EC-4251-B03D-C8D2159FD510}.Debug|Mixed Platforms.ActiveCfg = Debug|Any CPU
		{480E59E9-95EC-4251-B03D-C8D2159FD510}.Debug|Mixed Platforms.Build.0 = Debug|Any CPU
		{480E59E9-95EC-4251-B03D-C8D2159FD510}.Debug|Win32.ActiveCfg = Debug|Any CPU
		{480E59E9-95EC-4251-B03D-C8D2159FD510}.Debug|Win32.Build.0 = Debug|Any CPU
		{480E59E9-95EC-4251-B03D-C8D2159FD510}.Debug|x64.ActiveCfg = Debug|Any CPU
		{480E59E9-95EC-4251-B03D-C8D2159FD510}.Debug|x64.Build.0 = Debug|Any CPU
		{480E59E9-95EC-4251-B03D-C8D2159FD510}.Debug|x86.ActiveCfg = Debug|Any CPU
		{480E59E9-95EC-4251-B03D-C8D2159FD510}.Debug|x86.Build.0 = Debug|Any CPU
		{480E59E9-95EC-4251-B03D-C8D2159FD510}.Release|Any CPU.ActiveCfg = Release|Any CPU
		{480E59E9-95EC-4251-B03D-C8D2159FD510}.Release|Any CPU.Build.0 = Release|Any CPU
		{480E59E9-95EC-4251-B03D-C8D2159FD510}.Release|Mixed Platforms.ActiveCfg = Release|Any CPU
		{480E59E9-95EC-4251-B03D-C8D2159FD510}.Release|Mixed Platforms.Build.0 = Release|Any CPU
		{480E59E9-95EC-4251-B03D-C8D2159FD510}.Release|Win32.ActiveCfg = Release|Any CPU
		{480E59E9-95EC-4251-B03D-C8D2159FD510}.Release|Win32.Build.0 = Release|Any CPU
		{480E59E9-95EC-4251-B03D-C8D2159FD510}.Release|x64.ActiveCfg = Release|Any CPU
		{480E59E9-95EC-4251-B03D-C8D2159FD510}.Release|x64.Build.0 = Release|Any CPU
		{480E59E9-95EC-4251-B03D-C8D2159FD510}.Release|x86.ActiveCfg = Release|Any CPU
		{480E59E9-95EC-4251-B03D-C8D2159FD510}.Release|x86.Build.0 = Release|Any CPU
	EndGlobalSection
	GlobalSection(SolutionProperties) = preSolution
		HideSolutionNode = FALSE
	EndGlobalSection
	GlobalSection(ExtensibilityGlobals) = postSolution
		SolutionGuid = {7DB8722F-5AAF-4913-A5AF-4A77D75BC39C}
	EndGlobalSection
EndGlobal
